// !$*UTF8*$!
{
	archiveVersion = 1;
	classes = {
	};
	objectVersion = 46;
	objects = {

/* Begin PBXBuildFile section */
		C46FBB661D814FF800C2AD87 /* AppDelegate.swift in Sources */ = {isa = PBXBuildFile; fileRef = C46FBB651D814FF800C2AD87 /* AppDelegate.swift */; };
		C46FBB681D814FF800C2AD87 /* Assets.xcassets in Resources */ = {isa = PBXBuildFile; fileRef = C46FBB671D814FF800C2AD87 /* Assets.xcassets */; };
		C46FBB6B1D814FF800C2AD87 /* MainMenu.xib in Resources */ = {isa = PBXBuildFile; fileRef = C46FBB691D814FF800C2AD87 /* MainMenu.xib */; };
		C46FBB731D8160E200C2AD87 /* StatusMenuController.swift in Sources */ = {isa = PBXBuildFile; fileRef = C46FBB721D8160E200C2AD87 /* StatusMenuController.swift */; };
		C46FBB791D816C9F00C2AD87 /* LIFXHTTPKit.framework in Frameworks */ = {isa = PBXBuildFile; fileRef = C46FBB771D816C9F00C2AD87 /* LIFXHTTPKit.framework */; };
		C46FBB7E1D81720900C2AD87 /* LIFXHTTPKit.framework in CopyFiles */ = {isa = PBXBuildFile; fileRef = C46FBB7D1D81720900C2AD87 /* LIFXHTTPKit.framework */; settings = {ATTRIBUTES = (CodeSignOnCopy, RemoveHeadersOnCopy, ); }; };
		C46FBB811D817EBC00C2AD87 /* PreferencesWindow.swift in Sources */ = {isa = PBXBuildFile; fileRef = C46FBB7F1D817EBC00C2AD87 /* PreferencesWindow.swift */; };
		C46FBB821D817EBC00C2AD87 /* PreferencesWindow.xib in Resources */ = {isa = PBXBuildFile; fileRef = C46FBB801D817EBC00C2AD87 /* PreferencesWindow.xib */; };
		C46FBB841D81D1AA00C2AD87 /* SliderView.swift in Sources */ = {isa = PBXBuildFile; fileRef = C46FBB831D81D1AA00C2AD87 /* SliderView.swift */; };
/* End PBXBuildFile section */

/* Begin PBXCopyFilesBuildPhase section */
		C46FBB7C1D8171D700C2AD87 /* CopyFiles */ = {
			isa = PBXCopyFilesBuildPhase;
			buildActionMask = 12;
			dstPath = "";
			dstSubfolderSpec = 10;
			files = (
				C46FBB7E1D81720900C2AD87 /* LIFXHTTPKit.framework in CopyFiles */,
			);
			runOnlyForDeploymentPostprocessing = 0;
		};
/* End PBXCopyFilesBuildPhase section */

/* Begin PBXFileReference section */
		C46FBB621D814FF800C2AD87 /* Nyxtheia.app */ = {isa = PBXFileReference; explicitFileType = wrapper.application; includeInIndex = 0; path = Nyxtheia.app; sourceTree = BUILT_PRODUCTS_DIR; };
		C46FBB651D814FF800C2AD87 /* AppDelegate.swift */ = {isa = PBXFileReference; lastKnownFileType = sourcecode.swift; path = AppDelegate.swift; sourceTree = "<group>"; };
		C46FBB671D814FF800C2AD87 /* Assets.xcassets */ = {isa = PBXFileReference; lastKnownFileType = folder.assetcatalog; path = Assets.xcassets; sourceTree = "<group>"; };
		C46FBB6A1D814FF800C2AD87 /* Base */ = {isa = PBXFileReference; lastKnownFileType = file.xib; name = Base; path = Base.lproj/MainMenu.xib; sourceTree = "<group>"; };
		C46FBB6C1D814FF800C2AD87 /* Info.plist */ = {isa = PBXFileReference; lastKnownFileType = text.plist.xml; path = Info.plist; sourceTree = "<group>"; };
		C46FBB721D8160E200C2AD87 /* StatusMenuController.swift */ = {isa = PBXFileReference; fileEncoding = 4; lastKnownFileType = sourcecode.swift; path = StatusMenuController.swift; sourceTree = "<group>"; };
		C46FBB771D816C9F00C2AD87 /* LIFXHTTPKit.framework */ = {isa = PBXFileReference; lastKnownFileType = wrapper.framework; name = LIFXHTTPKit.framework; path = Carthage/Build/Mac/LIFXHTTPKit.framework; sourceTree = "<group>"; };
		C46FBB7D1D81720900C2AD87 /* LIFXHTTPKit.framework */ = {isa = PBXFileReference; lastKnownFileType = wrapper.framework; name = LIFXHTTPKit.framework; path = Carthage/Build/Mac/LIFXHTTPKit.framework; sourceTree = "<group>"; };
		C46FBB7F1D817EBC00C2AD87 /* PreferencesWindow.swift */ = {isa = PBXFileReference; fileEncoding = 4; lastKnownFileType = sourcecode.swift; path = PreferencesWindow.swift; sourceTree = "<group>"; };
		C46FBB801D817EBC00C2AD87 /* PreferencesWindow.xib */ = {isa = PBXFileReference; fileEncoding = 4; lastKnownFileType = file.xib; path = PreferencesWindow.xib; sourceTree = "<group>"; };
		C46FBB831D81D1AA00C2AD87 /* SliderView.swift */ = {isa = PBXFileReference; fileEncoding = 4; lastKnownFileType = sourcecode.swift; path = SliderView.swift; sourceTree = "<group>"; };
/* End PBXFileReference section */

/* Begin PBXFrameworksBuildPhase section */
		C46FBB5F1D814FF800C2AD87 /* Frameworks */ = {
			isa = PBXFrameworksBuildPhase;
			buildActionMask = 2147483647;
			files = (
				C46FBB791D816C9F00C2AD87 /* LIFXHTTPKit.framework in Frameworks */,
			);
			runOnlyForDeploymentPostprocessing = 0;
		};
/* End PBXFrameworksBuildPhase section */

/* Begin PBXGroup section */
		C46FBB591D814FF700C2AD87 = {
			isa = PBXGroup;
			children = (
				C46FBB7D1D81720900C2AD87 /* LIFXHTTPKit.framework */,
				C46FBB771D816C9F00C2AD87 /* LIFXHTTPKit.framework */,
				C46FBB641D814FF800C2AD87 /* Nyxtheia */,
				C46FBB631D814FF800C2AD87 /* Products */,
			);
			sourceTree = "<group>";
		};
		C46FBB631D814FF800C2AD87 /* Products */ = {
			isa = PBXGroup;
			children = (
				C46FBB621D814FF800C2AD87 /* Nyxtheia.app */,
			);
			name = Products;
			sourceTree = "<group>";
		};
		C46FBB641D814FF800C2AD87 /* Nyxtheia */ = {
			isa = PBXGroup;
			children = (
				C46FBB651D814FF800C2AD87 /* AppDelegate.swift */,
				C46FBB721D8160E200C2AD87 /* StatusMenuController.swift */,
				C46FBB671D814FF800C2AD87 /* Assets.xcassets */,
				C46FBB691D814FF800C2AD87 /* MainMenu.xib */,
				C46FBB831D81D1AA00C2AD87 /* SliderView.swift */,
				C46FBB7F1D817EBC00C2AD87 /* PreferencesWindow.swift */,
				C46FBB801D817EBC00C2AD87 /* PreferencesWindow.xib */,
				C46FBB6C1D814FF800C2AD87 /* Info.plist */,
			);
			path = Nyxtheia;
			sourceTree = "<group>";
		};
/* End PBXGroup section */

/* Begin PBXNativeTarget section */
		C46FBB611D814FF800C2AD87 /* Nyxtheia */ = {
			isa = PBXNativeTarget;
			buildConfigurationList = C46FBB6F1D814FF800C2AD87 /* Build configuration list for PBXNativeTarget "Nyxtheia" */;
			buildPhases = (
				C46FBB5E1D814FF800C2AD87 /* Sources */,
				C46FBB5F1D814FF800C2AD87 /* Frameworks */,
				C46FBB601D814FF800C2AD87 /* Resources */,
				C46FBB7B1D81718A00C2AD87 /* ShellScript */,
				C46FBB7C1D8171D700C2AD87 /* CopyFiles */,
			);
			buildRules = (
			);
			dependencies = (
			);
			name = Nyxtheia;
			productName = Nyxtheia;
			productReference = C46FBB621D814FF800C2AD87 /* Nyxtheia.app */;
			productType = "com.apple.product-type.application";
		};
/* End PBXNativeTarget section */

/* Begin PBXProject section */
		C46FBB5A1D814FF700C2AD87 /* Project object */ = {
			isa = PBXProject;
			attributes = {
				LastSwiftUpdateCheck = 0730;
				LastUpgradeCheck = 0730;
				ORGANIZATIONNAME = "Jacob Gaffney";
				TargetAttributes = {
					C46FBB611D814FF800C2AD87 = {
						CreatedOnToolsVersion = 7.3.1;
					};
				};
			};
			buildConfigurationList = C46FBB5D1D814FF700C2AD87 /* Build configuration list for PBXProject "Nyxtheia" */;
			compatibilityVersion = "Xcode 3.2";
			developmentRegion = English;
			hasScannedForEncodings = 0;
			knownRegions = (
				en,
				Base,
			);
			mainGroup = C46FBB591D814FF700C2AD87;
			productRefGroup = C46FBB631D814FF800C2AD87 /* Products */;
			projectDirPath = "";
			projectRoot = "";
			targets = (
				C46FBB611D814FF800C2AD87 /* Nyxtheia */,
			);
		};
/* End PBXProject section */

/* Begin PBXResourcesBuildPhase section */
		C46FBB601D814FF800C2AD87 /* Resources */ = {
			isa = PBXResourcesBuildPhase;
			buildActionMask = 2147483647;
			files = (
				C46FBB681D814FF800C2AD87 /* Assets.xcassets in Resources */,
				C46FBB821D817EBC00C2AD87 /* PreferencesWindow.xib in Resources */,
				C46FBB6B1D814FF800C2AD87 /* MainMenu.xib in Resources */,
			);
			runOnlyForDeploymentPostprocessing = 0;
		};
/* End PBXResourcesBuildPhase section */

/* Begin PBXShellScriptBuildPhase section */
		C46FBB7B1D81718A00C2AD87 /* ShellScript */ = {
			isa = PBXShellScriptBuildPhase;
			buildActionMask = 8;
			files = (
			);
			inputPaths = (
				"$(SRCROOT)/Carthage/Build/Mac/LIFXHTTPKit.framework",
			);
			outputPaths = (
			);
			runOnlyForDeploymentPostprocessing = 1;
			shellPath = "/usr/local/bin/carthage copy-frameworks";
			shellScript = "";
		};
/* End PBXShellScriptBuildPhase section */

/* Begin PBXSourcesBuildPhase section */
		C46FBB5E1D814FF800C2AD87 /* Sources */ = {
			isa = PBXSourcesBuildPhase;
			buildActionMask = 2147483647;
			files = (
				C46FBB731D8160E200C2AD87 /* StatusMenuController.swift in Sources */,
				C46FBB841D81D1AA00C2AD87 /* SliderView.swift in Sources */,
				C46FBB811D817EBC00C2AD87 /* PreferencesWindow.swift in Sources */,
				C46FBB661D814FF800C2AD87 /* AppDelegate.swift in Sources */,
			);
			runOnlyForDeploymentPostprocessing = 0;
		};
/* End PBXSourcesBuildPhase section */

/* Begin PBXVariantGroup section */
		C46FBB691D814FF800C2AD87 /* MainMenu.xib */ = {
			isa = PBXVariantGroup;
			children = (
				C46FBB6A1D814FF800C2AD87 /* Base */,
			);
			name = MainMenu.xib;
			sourceTree = "<group>";
		};
/* End PBXVariantGroup section */

/* Begin XCBuildConfiguration section */
		C46FBB6D1D814FF800C2AD87 /* Debug */ = {
			isa = XCBuildConfiguration;
			buildSettings = {
				ALWAYS_SEARCH_USER_PATHS = NO;
				CLANG_ANALYZER_NONNULL = YES;
				CLANG_CXX_LANGUAGE_STANDARD = "gnu++0x";
				CLANG_CXX_LIBRARY = "libc++";
				CLANG_ENABLE_MODULES = YES;
				CLANG_ENABLE_OBJC_ARC = YES;
				CLANG_WARN_BOOL_CONVERSION = YES;
				CLANG_WARN_CONSTANT_CONVERSION = YES;
				CLANG_WARN_DIRECT_OBJC_ISA_USAGE = YES_ERROR;
				CLANG_WARN_EMPTY_BODY = YES;
				CLANG_WARN_ENUM_CONVERSION = YES;
				CLANG_WARN_INT_CONVERSION = YES;
				CLANG_WARN_OBJC_ROOT_CLASS = YES_ERROR;
				CLANG_WARN_UNREACHABLE_CODE = YES;
				CLANG_WARN__DUPLICATE_METHOD_MATCH = YES;
				CODE_SIGN_IDENTITY = "-";
				COPY_PHASE_STRIP = NO;
				DEBUG_INFORMATION_FORMAT = dwarf;
				ENABLE_STRICT_OBJC_MSGSEND = YES;
				ENABLE_TESTABILITY = YES;
				GCC_C_LANGUAGE_STANDARD = gnu99;
				GCC_DYNAMIC_NO_PIC = NO;
				GCC_NO_COMMON_BLOCKS = YES;
				GCC_OPTIMIZATION_LEVEL = 0;
				GCC_PREPROCESSOR_DEFINITIONS = (
					"DEBUG=1",
					"$(inherited)",
				);
				GCC_WARN_64_TO_32_BIT_CONVERSION = YES;
				GCC_WARN_ABOUT_RETURN_TYPE = YES_ERROR;
				GCC_WARN_UNDECLARED_SELECTOR = YES;
				GCC_WARN_UNINITIALIZED_AUTOS = YES_AGGRESSIVE;
				GCC_WARN_UNUSED_FUNCTION = YES;
				GCC_WARN_UNUSED_VARIABLE = YES;
				MACOSX_DEPLOYMENT_TARGET = 10.11;
				MTL_ENABLE_DEBUG_INFO = YES;
				ONLY_ACTIVE_ARCH = YES;
				SDKROOT = macosx;
				SWIFT_OPTIMIZATION_LEVEL = "-Onone";
			};
			name = Debug;
		};
		C46FBB6E1D814FF800C2AD87 /* Release */ = {
			isa = XCBuildConfiguration;
			buildSettings = {
				ALWAYS_SEARCH_USER_PATHS = NO;
				CLANG_ANALYZER_NONNULL = YES;
				CLANG_CXX_LANGUAGE_STANDARD = "gnu++0x";
				CLANG_CXX_LIBRARY = "libc++";
				CLANG_ENABLE_MODULES = YES;
				CLANG_ENABLE_OBJC_ARC = YES;
				CLANG_WARN_BOOL_CONVERSION = YES;
				CLANG_WARN_CONSTANT_CONVERSION = YES;
				CLANG_WARN_DIRECT_OBJC_ISA_USAGE = YES_ERROR;
				CLANG_WARN_EMPTY_BODY = YES;
				CLANG_WARN_ENUM_CONVERSION = YES;
				CLANG_WARN_INT_CONVERSION = YES;
				CLANG_WARN_OBJC_ROOT_CLASS = YES_ERROR;
				CLANG_WARN_UNREACHABLE_CODE = YES;
				CLANG_WARN__DUPLICATE_METHOD_MATCH = YES;
				CODE_SIGN_IDENTITY = "-";
				COPY_PHASE_STRIP = NO;
				DEBUG_INFORMATION_FORMAT = "dwarf-with-dsym";
				ENABLE_NS_ASSERTIONS = NO;
				ENABLE_STRICT_OBJC_MSGSEND = YES;
				GCC_C_LANGUAGE_STANDARD = gnu99;
				GCC_NO_COMMON_BLOCKS = YES;
				GCC_WARN_64_TO_32_BIT_CONVERSION = YES;
				GCC_WARN_ABOUT_RETURN_TYPE = YES_ERROR;
				GCC_WARN_UNDECLARED_SELECTOR = YES;
				GCC_WARN_UNINITIALIZED_AUTOS = YES_AGGRESSIVE;
				GCC_WARN_UNUSED_FUNCTION = YES;
				GCC_WARN_UNUSED_VARIABLE = YES;
				MACOSX_DEPLOYMENT_TARGET = 10.11;
				MTL_ENABLE_DEBUG_INFO = NO;
				SDKROOT = macosx;
			};
			name = Release;
		};
		C46FBB701D814FF800C2AD87 /* Debug */ = {
			isa = XCBuildConfiguration;
			buildSettings = {
				ASSETCATALOG_COMPILER_APPICON_NAME = AppIcon;
				COMBINE_HIDPI_IMAGES = YES;
				FRAMEWORK_SEARCH_PATHS = (
					"$(inherited)",
					"$(PROJECT_DIR)/Carthage/Build/Mac",
				);
				INFOPLIST_FILE = Nyxtheia/Info.plist;
				LD_RUNPATH_SEARCH_PATHS = "$(inherited) @executable_path/../Frameworks";
				PRODUCT_BUNDLE_IDENTIFIER = com.jacques.Helios.Nyxtheia;
				PRODUCT_NAME = "$(TARGET_NAME)";
			};
			name = Debug;
		};
		C46FBB711D814FF800C2AD87 /* Release */ = {
			isa = XCBuildConfiguration;
			buildSettings = {
				ASSETCATALOG_COMPILER_APPICON_NAME = AppIcon;
				COMBINE_HIDPI_IMAGES = YES;
				FRAMEWORK_SEARCH_PATHS = (
					"$(inherited)",
					"$(PROJECT_DIR)/Carthage/Build/Mac",
				);
				INFOPLIST_FILE = Nyxtheia/Info.plist;
				LD_RUNPATH_SEARCH_PATHS = "$(inherited) @executable_path/../Frameworks";
				PRODUCT_BUNDLE_IDENTIFIER = com.jacques.Helios.Nyxtheia;
				PRODUCT_NAME = "$(TARGET_NAME)";
			};
			name = Release;
		};
/* End XCBuildConfiguration section */

/* Begin XCConfigurationList section */
		C46FBB5D1D814FF700C2AD87 /* Build configuration list for PBXProject "Nyxtheia" */ = {
			isa = XCConfigurationList;
			buildConfigurations = (
				C46FBB6D1D814FF800C2AD87 /* Debug */,
				C46FBB6E1D814FF800C2AD87 /* Release */,
			);
			defaultConfigurationIsVisible = 0;
			defaultConfigurationName = Release;
		};
		C46FBB6F1D814FF800C2AD87 /* Build configuration list for PBXNativeTarget "Nyxtheia" */ = {
			isa = XCConfigurationList;
			buildConfigurations = (
				C46FBB701D814FF800C2AD87 /* Debug */,
				C46FBB711D814FF800C2AD87 /* Release */,
			);
			defaultConfigurationIsVisible = 0;
		};
/* End XCConfigurationList section */
	};
	rootObject = C46FBB5A1D814FF700C2AD87 /* Project object */;
}
